
Microsoft Visual Studio Solution File, Format Version 12.00
# Visual Studio Version 17
VisualStudioVersion = 17.11.35312.102
MinimumVisualStudioVersion = 10.0.40219.1
Project("{FAE04EC0-301F-11D3-BF4B-00C04F79EFBC}") = "Task(9)", "Task(9)\Task(9).csproj", "{284B5B63-2D0A-467F-A840-D97DB972873C}"
EndProject
Global
	GlobalSection(SolutionConfigurationPlatforms) = preSolution
		Debug|Any CPU = Debug|Any CPU
		Release|Any CPU = Release|Any CPU
	EndGlobalSection
	GlobalSection(ProjectConfigurationPlatforms) = postSolution
		{284B5B63-2D0A-467F-A840-D97DB972873C}.Debug|Any CPU.ActiveCfg = Debug|Any CPU
		{284B5B63-2D0A-467F-A840-D97DB972873C}.Debug|Any CPU.Build.0 = Debug|Any CPU
		{284B5B63-2D0A-467F-A840-D97DB972873C}.Release|Any CPU.ActiveCfg = Release|Any CPU
		{284B5B63-2D0A-467F-A840-D97DB972873C}.Release|Any CPU.Build.0 = Release|Any CPU
	EndGlobalSection
	GlobalSection(SolutionProperties) = preSolution
		HideSolutionNode = FALSE
	EndGlobalSection
	GlobalSection(ExtensibilityGlobals) = postSolution
		SolutionGuid = {F45F30BE-B71C-4A79-B97C-BDBB52DC96F8}
	EndGlobalSection
EndGlobal
